
Microsoft Visual Studio Solution File, Format Version 12.00
# Visual Studio Version 16
VisualStudioVersion = 16.0.31025.194
MinimumVisualStudioVersion = 10.0.40219.1
Project("{9A19103F-16F7-4668-BE54-9A1E7A4F7556}") = "Inlämningsuppgift1_EmilJ", "Inlämningsuppgift1_EmilJ\Inlämningsuppgift1_EmilJ.csproj", "{4C1B011D-959B-476E-8F68-A5ACE04EC1CC}"
EndProject
Global
	GlobalSection(SolutionConfigurationPlatforms) = preSolution
		Debug|Any CPU = Debug|Any CPU
		Release|Any CPU = Release|Any CPU
	EndGlobalSection
	GlobalSection(ProjectConfigurationPlatforms) = postSolution
		{4C1B011D-959B-476E-8F68-A5ACE04EC1CC}.Debug|Any CPU.ActiveCfg = Debug|Any CPU
		{4C1B011D-959B-476E-8F68-A5ACE04EC1CC}.Debug|Any CPU.Build.0 = Debug|Any CPU
		{4C1B011D-959B-476E-8F68-A5ACE04EC1CC}.Release|Any CPU.ActiveCfg = Release|Any CPU
		{4C1B011D-959B-476E-8F68-A5ACE04EC1CC}.Release|Any CPU.Build.0 = Release|Any CPU
	EndGlobalSection
	GlobalSection(SolutionProperties) = preSolution
		HideSolutionNode = FALSE
	EndGlobalSection
	GlobalSection(ExtensibilityGlobals) = postSolution
		SolutionGuid = {158DBC2B-3789-49CE-891C-1B986B31B70E}
	EndGlobalSection
EndGlobal
